
Microsoft Visual Studio Solution File, Format Version 12.00
# Visual Studio 15
VisualStudioVersion = 15.0.27703.2042
MinimumVisualStudioVersion = 10.0.40219.1
Project("{8BC9CEB8-8B4A-11D0-8D11-00A0C91BC942}") = "7.3.Exercicios", "7.3.Exercicios\7.3.Exercicios.vcxproj", "{AB366650-4137-4B16-A1F0-69B5C2C744A0}"
EndProject
Global
	GlobalSection(SolutionConfigurationPlatforms) = preSolution
		Debug|x64 = Debug|x64
		Debug|x86 = Debug|x86
		Release|x64 = Release|x64
		Release|x86 = Release|x86
	EndGlobalSection
	GlobalSection(ProjectConfigurationPlatforms) = postSolution
		{AB366650-4137-4B16-A1F0-69B5C2C744A0}.Debug|x64.ActiveCfg = Debug|x64
		{AB366650-4137-4B16-A1F0-69B5C2C744A0}.Debug|x64.Build.0 = Debug|x64
		{AB366650-4137-4B16-A1F0-69B5C2C744A0}.Debug|x86.ActiveCfg = Debug|Win32
		{AB366650-4137-4B16-A1F0-69B5C2C744A0}.Debug|x86.Build.0 = Debug|Win32
		{AB366650-4137-4B16-A1F0-69B5C2C744A0}.Release|x64.ActiveCfg = Release|x64
		{AB366650-4137-4B16-A1F0-69B5C2C744A0}.Release|x64.Build.0 = Release|x64
		{AB366650-4137-4B16-A1F0-69B5C2C744A0}.Release|x86.ActiveCfg = Release|Win32
		{AB366650-4137-4B16-A1F0-69B5C2C744A0}.Release|x86.Build.0 = Release|Win32
	EndGlobalSection
	GlobalSection(SolutionProperties) = preSolution
		HideSolutionNode = FALSE
	EndGlobalSection
	GlobalSection(ExtensibilityGlobals) = postSolution
		SolutionGuid = {FA5DB254-B226-41E8-BB10-ADD46B45A630}
	EndGlobalSection
EndGlobal
